{
  "name": "waterline-cursor",
  "version": "0.0.7",
  "dependencies": {
    "async": {
      "version": "2.0.1",
      "from": "async@2.0.1",
      "resolved": "https://registry.npmjs.org/async/-/async-2.0.1.tgz",
      "dependencies": {
        "lodash": {
          "version": "4.16.4",
          "from": "lodash@>=4.8.0 <5.0.0",
          "resolved": "https://registry.npmjs.org/lodash/-/lodash-4.16.4.tgz"
        }
      }
    },
    "lodash": {
      "version": "3.10.1",
      "from": "lodash@3.10.1",
      "resolved": "https://registry.npmjs.org/lodash/-/lodash-3.10.1.tgz"
    }
  }
}
